// !$*UTF8*$!
{
	archiveVersion = 1;
	classes = {
	};
	objectVersion = 50;
	objects = {

/* Begin PBXBuildFile section */
		2B84AD53229FE292004B484D /* AddTicket.storyboard in Resources */ = {isa = PBXBuildFile; fileRef = 2B84AD52229FE292004B484D /* AddTicket.storyboard */; };
		2B84AD55229FE2C9004B484D /* AddTicketViewController.swift in Sources */ = {isa = PBXBuildFile; fileRef = 2B84AD54229FE2C9004B484D /* AddTicketViewController.swift */; };
		2BB2EE51228AB97200769AAA /* ActionType.swift in Sources */ = {isa = PBXBuildFile; fileRef = 2BB2EE50228AB97200769AAA /* ActionType.swift */; };
		2BE551662292695000D5AFA9 /* TaskItem.swift in Sources */ = {isa = PBXBuildFile; fileRef = 2BE551652292695000D5AFA9 /* TaskItem.swift */; };
		2BE55168229299A100D5AFA9 /* TicketModel.swift in Sources */ = {isa = PBXBuildFile; fileRef = 2BE55167229299A100D5AFA9 /* TicketModel.swift */; };
		2BE5516B2292A83700D5AFA9 /* TasksData.swift in Sources */ = {isa = PBXBuildFile; fileRef = 2BE5516A2292A83700D5AFA9 /* TasksData.swift */; };
		2BF44281229BEB8C00F32613 /* EditTaskViewController.swift in Sources */ = {isa = PBXBuildFile; fileRef = 2BF44280229BEB8C00F32613 /* EditTaskViewController.swift */; };
		2BF44283229CC63C00F32613 /* Edit.storyboard in Resources */ = {isa = PBXBuildFile; fileRef = 2BF44282229CC63C00F32613 /* Edit.storyboard */; };
		2BF44285229CE1FE00F32613 /* Add.storyboard in Resources */ = {isa = PBXBuildFile; fileRef = 2BF44284229CE1FE00F32613 /* Add.storyboard */; };
		2BF5B74D22814521007D0266 /* AppDelegate.swift in Sources */ = {isa = PBXBuildFile; fileRef = 2BF5B74C22814521007D0266 /* AppDelegate.swift */; };
		2BF5B74F22814521007D0266 /* MainViewController.swift in Sources */ = {isa = PBXBuildFile; fileRef = 2BF5B74E22814521007D0266 /* MainViewController.swift */; };
		2BF5B75222814521007D0266 /* Main.storyboard in Resources */ = {isa = PBXBuildFile; fileRef = 2BF5B75022814521007D0266 /* Main.storyboard */; };
		2BF5B75422814521007D0266 /* Assets.xcassets in Resources */ = {isa = PBXBuildFile; fileRef = 2BF5B75322814521007D0266 /* Assets.xcassets */; };
		2BF5B75722814521007D0266 /* LaunchScreen.storyboard in Resources */ = {isa = PBXBuildFile; fileRef = 2BF5B75522814521007D0266 /* LaunchScreen.storyboard */; };
		2BF5B76322814974007D0266 /* TaskViewModel.swift in Sources */ = {isa = PBXBuildFile; fileRef = 2BF5B76222814974007D0266 /* TaskViewModel.swift */; };
		2BF5B7652281498F007D0266 /* TaskModel.swift in Sources */ = {isa = PBXBuildFile; fileRef = 2BF5B7642281498F007D0266 /* TaskModel.swift */; };
		2BF5B767228155EC007D0266 /* TaskView.xib in Resources */ = {isa = PBXBuildFile; fileRef = 2BF5B766228155EC007D0266 /* TaskView.xib */; };
		2BF5B7692281562D007D0266 /* TaskView.swift in Sources */ = {isa = PBXBuildFile; fileRef = 2BF5B7682281562D007D0266 /* TaskView.swift */; };
		2BF5B76C22829DCD007D0266 /* TicketTableViewCell.swift in Sources */ = {isa = PBXBuildFile; fileRef = 2BF5B76A22829DCD007D0266 /* TicketTableViewCell.swift */; };
		2BF5B76D22829DCD007D0266 /* TicketTableViewCell.xib in Resources */ = {isa = PBXBuildFile; fileRef = 2BF5B76B22829DCD007D0266 /* TicketTableViewCell.xib */; };
		2BF5B7722282A0AB007D0266 /* UIView+TicketTask.swift in Sources */ = {isa = PBXBuildFile; fileRef = 2BF5B7712282A0AB007D0266 /* UIView+TicketTask.swift */; };
		2BF5B779228512FA007D0266 /* GradationColors.swift in Sources */ = {isa = PBXBuildFile; fileRef = 2BF5B778228512FA007D0266 /* GradationColors.swift */; };
		2BF5B77C22855657007D0266 /* AddTaskViewController.swift in Sources */ = {isa = PBXBuildFile; fileRef = 2BF5B77B22855657007D0266 /* AddTaskViewController.swift */; };
		B101601FF534DC3B8EE3D6CD /* Pods_TicketTask.framework in Frameworks */ = {isa = PBXBuildFile; fileRef = 9175C5698A5BEEEE5CF1DB20 /* Pods_TicketTask.framework */; };
/* End PBXBuildFile section */

/* Begin PBXFileReference section */
		2B84AD52229FE292004B484D /* AddTicket.storyboard */ = {isa = PBXFileReference; lastKnownFileType = file.storyboard; path = AddTicket.storyboard; sourceTree = "<group>"; };
		2B84AD54229FE2C9004B484D /* AddTicketViewController.swift */ = {isa = PBXFileReference; lastKnownFileType = sourcecode.swift; path = AddTicketViewController.swift; sourceTree = "<group>"; };
		2BB2EE50228AB97200769AAA /* ActionType.swift */ = {isa = PBXFileReference; lastKnownFileType = sourcecode.swift; path = ActionType.swift; sourceTree = "<group>"; };
		2BE551652292695000D5AFA9 /* TaskItem.swift */ = {isa = PBXFileReference; lastKnownFileType = sourcecode.swift; name = TaskItem.swift; path = Model/TaskItem.swift; sourceTree = "<group>"; };
		2BE55167229299A100D5AFA9 /* TicketModel.swift */ = {isa = PBXFileReference; lastKnownFileType = sourcecode.swift; path = TicketModel.swift; sourceTree = "<group>"; };
		2BE5516A2292A83700D5AFA9 /* TasksData.swift */ = {isa = PBXFileReference; lastKnownFileType = sourcecode.swift; path = TasksData.swift; sourceTree = "<group>"; };
		2BF44280229BEB8C00F32613 /* EditTaskViewController.swift */ = {isa = PBXFileReference; lastKnownFileType = sourcecode.swift; path = EditTaskViewController.swift; sourceTree = "<group>"; };
		2BF44282229CC63C00F32613 /* Edit.storyboard */ = {isa = PBXFileReference; lastKnownFileType = file.storyboard; path = Edit.storyboard; sourceTree = "<group>"; };
		2BF44284229CE1FE00F32613 /* Add.storyboard */ = {isa = PBXFileReference; lastKnownFileType = file.storyboard; path = Add.storyboard; sourceTree = "<group>"; };
		2BF5B74922814521007D0266 /* TicketTask.app */ = {isa = PBXFileReference; explicitFileType = wrapper.application; includeInIndex = 0; path = TicketTask.app; sourceTree = BUILT_PRODUCTS_DIR; };
		2BF5B74C22814521007D0266 /* AppDelegate.swift */ = {isa = PBXFileReference; lastKnownFileType = sourcecode.swift; path = AppDelegate.swift; sourceTree = "<group>"; };
		2BF5B74E22814521007D0266 /* MainViewController.swift */ = {isa = PBXFileReference; lastKnownFileType = sourcecode.swift; path = MainViewController.swift; sourceTree = "<group>"; };
		2BF5B75122814521007D0266 /* Base */ = {isa = PBXFileReference; lastKnownFileType = file.storyboard; name = Base; path = Base.lproj/Main.storyboard; sourceTree = "<group>"; };
		2BF5B75322814521007D0266 /* Assets.xcassets */ = {isa = PBXFileReference; lastKnownFileType = folder.assetcatalog; path = Assets.xcassets; sourceTree = "<group>"; };
		2BF5B75622814521007D0266 /* Base */ = {isa = PBXFileReference; lastKnownFileType = file.storyboard; name = Base; path = Base.lproj/LaunchScreen.storyboard; sourceTree = "<group>"; };
		2BF5B75822814521007D0266 /* Info.plist */ = {isa = PBXFileReference; lastKnownFileType = text.plist.xml; path = Info.plist; sourceTree = "<group>"; };
		2BF5B76222814974007D0266 /* TaskViewModel.swift */ = {isa = PBXFileReference; lastKnownFileType = sourcecode.swift; name = TaskViewModel.swift; path = ViewModel/TaskViewModel.swift; sourceTree = "<group>"; };
		2BF5B7642281498F007D0266 /* TaskModel.swift */ = {isa = PBXFileReference; lastKnownFileType = sourcecode.swift; path = TaskModel.swift; sourceTree = "<group>"; };
		2BF5B766228155EC007D0266 /* TaskView.xib */ = {isa = PBXFileReference; lastKnownFileType = file.xib; name = TaskView.xib; path = View/TaskView.xib; sourceTree = "<group>"; };
		2BF5B7682281562D007D0266 /* TaskView.swift */ = {isa = PBXFileReference; lastKnownFileType = sourcecode.swift; name = TaskView.swift; path = View/TaskView.swift; sourceTree = "<group>"; };
		2BF5B76A22829DCD007D0266 /* TicketTableViewCell.swift */ = {isa = PBXFileReference; lastKnownFileType = sourcecode.swift; path = TicketTableViewCell.swift; sourceTree = "<group>"; };
		2BF5B76B22829DCD007D0266 /* TicketTableViewCell.xib */ = {isa = PBXFileReference; lastKnownFileType = file.xib; path = TicketTableViewCell.xib; sourceTree = "<group>"; };
		2BF5B7712282A0AB007D0266 /* UIView+TicketTask.swift */ = {isa = PBXFileReference; lastKnownFileType = sourcecode.swift; path = "UIView+TicketTask.swift"; sourceTree = "<group>"; };
		2BF5B778228512FA007D0266 /* GradationColors.swift */ = {isa = PBXFileReference; lastKnownFileType = sourcecode.swift; name = GradationColors.swift; path = View/Colors/GradationColors.swift; sourceTree = "<group>"; };
		2BF5B77B22855657007D0266 /* AddTaskViewController.swift */ = {isa = PBXFileReference; lastKnownFileType = sourcecode.swift; path = AddTaskViewController.swift; sourceTree = "<group>"; };
		37CFDF9363A1FC7BF7495C74 /* Pods-TicketTask.release.xcconfig */ = {isa = PBXFileReference; includeInIndex = 1; lastKnownFileType = text.xcconfig; name = "Pods-TicketTask.release.xcconfig"; path = "Target Support Files/Pods-TicketTask/Pods-TicketTask.release.xcconfig"; sourceTree = "<group>"; };
		9175C5698A5BEEEE5CF1DB20 /* Pods_TicketTask.framework */ = {isa = PBXFileReference; explicitFileType = wrapper.framework; includeInIndex = 0; path = Pods_TicketTask.framework; sourceTree = BUILT_PRODUCTS_DIR; };
		C3E7EA07422E788A8A52AC14 /* Pods-TicketTask.debug.xcconfig */ = {isa = PBXFileReference; includeInIndex = 1; lastKnownFileType = text.xcconfig; name = "Pods-TicketTask.debug.xcconfig"; path = "Target Support Files/Pods-TicketTask/Pods-TicketTask.debug.xcconfig"; sourceTree = "<group>"; };
/* End PBXFileReference section */

/* Begin PBXFrameworksBuildPhase section */
		2BF5B74622814521007D0266 /* Frameworks */ = {
			isa = PBXFrameworksBuildPhase;
			buildActionMask = 2147483647;
			files = (
				B101601FF534DC3B8EE3D6CD /* Pods_TicketTask.framework in Frameworks */,
			);
			runOnlyForDeploymentPostprocessing = 0;
		};
/* End PBXFrameworksBuildPhase section */

/* Begin PBXGroup section */
		2BB2EE4F228AB96300769AAA /* Services */ = {
			isa = PBXGroup;
			children = (
				2BE551692292A7E300D5AFA9 /* RealmItem */,
				2BB2EE50228AB97200769AAA /* ActionType.swift */,
			);
			name = Services;
			sourceTree = "<group>";
		};
		2BE551692292A7E300D5AFA9 /* RealmItem */ = {
			isa = PBXGroup;
			children = (
				2BE551652292695000D5AFA9 /* TaskItem.swift */,
				2BE55167229299A100D5AFA9 /* TicketModel.swift */,
				2BE5516A2292A83700D5AFA9 /* TasksData.swift */,
			);
			name = RealmItem;
			sourceTree = "<group>";
		};
		2BF5B74022814521007D0266 = {
			isa = PBXGroup;
			children = (
				2BF5B74B22814521007D0266 /* TicketTask */,
				2BF5B74A22814521007D0266 /* Products */,
				D2D6D8476B0D33476B080911 /* Pods */,
				3A10CA04D3E8C7641925AEE6 /* Frameworks */,
			);
			sourceTree = "<group>";
		};
		2BF5B74A22814521007D0266 /* Products */ = {
			isa = PBXGroup;
			children = (
				2BF5B74922814521007D0266 /* TicketTask.app */,
			);
			name = Products;
			sourceTree = "<group>";
		};
		2BF5B74B22814521007D0266 /* TicketTask */ = {
			isa = PBXGroup;
			children = (
				2BB2EE4F228AB96300769AAA /* Services */,
				2BF5B7612281467E007D0266 /* Model */,
				2BF5B7602281466B007D0266 /* ViewModel */,
				2BF5B75F22814662007D0266 /* Controller */,
				2BF5B75E22814657007D0266 /* View */,
				2BF5B74C22814521007D0266 /* AppDelegate.swift */,
				2BF5B75322814521007D0266 /* Assets.xcassets */,
				2BF5B75822814521007D0266 /* Info.plist */,
			);
			path = TicketTask;
			sourceTree = "<group>";
		};
		2BF5B75E22814657007D0266 /* View */ = {
			isa = PBXGroup;
			children = (
				2BF5B77A22851309007D0266 /* Colors */,
				2BF5B76E22829FEF007D0266 /* extention */,
				2BF5B75522814521007D0266 /* LaunchScreen.storyboard */,
				2BF5B75022814521007D0266 /* Main.storyboard */,
				2BF44282229CC63C00F32613 /* Edit.storyboard */,
				2BF5B76A22829DCD007D0266 /* TicketTableViewCell.swift */,
				2BF5B76B22829DCD007D0266 /* TicketTableViewCell.xib */,
				2BF5B766228155EC007D0266 /* TaskView.xib */,
				2BF5B7682281562D007D0266 /* TaskView.swift */,
				2BF44284229CE1FE00F32613 /* Add.storyboard */,
				2B84AD52229FE292004B484D /* AddTicket.storyboard */,
			);
			name = View;
			sourceTree = "<group>";
		};
		2BF5B75F22814662007D0266 /* Controller */ = {
			isa = PBXGroup;
			children = (
				2BF5B74E22814521007D0266 /* MainViewController.swift */,
				2BF5B77B22855657007D0266 /* AddTaskViewController.swift */,
				2BF44280229BEB8C00F32613 /* EditTaskViewController.swift */,
				2B84AD54229FE2C9004B484D /* AddTicketViewController.swift */,
			);
			path = Controller;
			sourceTree = "<group>";
		};
		2BF5B7602281466B007D0266 /* ViewModel */ = {
			isa = PBXGroup;
			children = (
				2BF5B76222814974007D0266 /* TaskViewModel.swift */,
			);
			name = ViewModel;
			sourceTree = "<group>";
		};
		2BF5B7612281467E007D0266 /* Model */ = {
			isa = PBXGroup;
			children = (
				2BF5B7642281498F007D0266 /* TaskModel.swift */,
			);
			path = Model;
			sourceTree = "<group>";
		};
		2BF5B76E22829FEF007D0266 /* extention */ = {
			isa = PBXGroup;
			children = (
				2BF5B7712282A0AB007D0266 /* UIView+TicketTask.swift */,
			);
			path = extention;
			sourceTree = "<group>";
		};
		2BF5B77A22851309007D0266 /* Colors */ = {
			isa = PBXGroup;
			children = (
				2BF5B778228512FA007D0266 /* GradationColors.swift */,
			);
			name = Colors;
			sourceTree = "<group>";
		};
		3A10CA04D3E8C7641925AEE6 /* Frameworks */ = {
			isa = PBXGroup;
			children = (
				9175C5698A5BEEEE5CF1DB20 /* Pods_TicketTask.framework */,
			);
			name = Frameworks;
			sourceTree = "<group>";
		};
		D2D6D8476B0D33476B080911 /* Pods */ = {
			isa = PBXGroup;
			children = (
				C3E7EA07422E788A8A52AC14 /* Pods-TicketTask.debug.xcconfig */,
				37CFDF9363A1FC7BF7495C74 /* Pods-TicketTask.release.xcconfig */,
			);
			path = Pods;
			sourceTree = "<group>";
		};
/* End PBXGroup section */

/* Begin PBXNativeTarget section */
		2BF5B74822814521007D0266 /* TicketTask */ = {
			isa = PBXNativeTarget;
			buildConfigurationList = 2BF5B75B22814521007D0266 /* Build configuration list for PBXNativeTarget "TicketTask" */;
			buildPhases = (
				CEA8C677967E680E7E75F5AC /* [CP] Check Pods Manifest.lock */,
				2BF5B74522814521007D0266 /* Sources */,
				2BF5B74622814521007D0266 /* Frameworks */,
				2BF5B74722814521007D0266 /* Resources */,
				DE51E7C7AB22FBF2C419CC59 /* [CP] Embed Pods Frameworks */,
			);
			buildRules = (
			);
			dependencies = (
			);
			name = TicketTask;
			productName = TicketTask;
			productReference = 2BF5B74922814521007D0266 /* TicketTask.app */;
			productType = "com.apple.product-type.application";
		};
/* End PBXNativeTarget section */

/* Begin PBXProject section */
		2BF5B74122814521007D0266 /* Project object */ = {
			isa = PBXProject;
			attributes = {
				LastSwiftUpdateCheck = 1020;
				LastUpgradeCheck = 1020;
				ORGANIZATIONNAME = "松村礼二";
				TargetAttributes = {
					2BF5B74822814521007D0266 = {
						CreatedOnToolsVersion = 10.2.1;
					};
				};
			};
			buildConfigurationList = 2BF5B74422814521007D0266 /* Build configuration list for PBXProject "TicketTask" */;
			compatibilityVersion = "Xcode 9.3";
			developmentRegion = en;
			hasScannedForEncodings = 0;
			knownRegions = (
				en,
				Base,
			);
			mainGroup = 2BF5B74022814521007D0266;
			productRefGroup = 2BF5B74A22814521007D0266 /* Products */;
			projectDirPath = "";
			projectRoot = "";
			targets = (
				2BF5B74822814521007D0266 /* TicketTask */,
			);
		};
/* End PBXProject section */

/* Begin PBXResourcesBuildPhase section */
		2BF5B74722814521007D0266 /* Resources */ = {
			isa = PBXResourcesBuildPhase;
			buildActionMask = 2147483647;
			files = (
				2B84AD53229FE292004B484D /* AddTicket.storyboard in Resources */,
				2BF5B76D22829DCD007D0266 /* TicketTableViewCell.xib in Resources */,
				2BF5B75722814521007D0266 /* LaunchScreen.storyboard in Resources */,
				2BF44285229CE1FE00F32613 /* Add.storyboard in Resources */,
				2BF5B75422814521007D0266 /* Assets.xcassets in Resources */,
				2BF5B75222814521007D0266 /* Main.storyboard in Resources */,
				2BF44283229CC63C00F32613 /* Edit.storyboard in Resources */,
				2BF5B767228155EC007D0266 /* TaskView.xib in Resources */,
			);
			runOnlyForDeploymentPostprocessing = 0;
		};
/* End PBXResourcesBuildPhase section */

/* Begin PBXShellScriptBuildPhase section */
		CEA8C677967E680E7E75F5AC /* [CP] Check Pods Manifest.lock */ = {
			isa = PBXShellScriptBuildPhase;
			buildActionMask = 2147483647;
			files = (
			);
			inputFileListPaths = (
			);
			inputPaths = (
				"${PODS_PODFILE_DIR_PATH}/Podfile.lock",
				"${PODS_ROOT}/Manifest.lock",
			);
			name = "[CP] Check Pods Manifest.lock";
			outputFileListPaths = (
			);
			outputPaths = (
				"$(DERIVED_FILE_DIR)/Pods-TicketTask-checkManifestLockResult.txt",
			);
			runOnlyForDeploymentPostprocessing = 0;
			shellPath = /bin/sh;
			shellScript = "diff \"${PODS_PODFILE_DIR_PATH}/Podfile.lock\" \"${PODS_ROOT}/Manifest.lock\" > /dev/null\nif [ $? != 0 ] ; then\n    # print error to STDERR\n    echo \"error: The sandbox is not in sync with the Podfile.lock. Run 'pod install' or update your CocoaPods installation.\" >&2\n    exit 1\nfi\n# This output is used by Xcode 'outputs' to avoid re-running this script phase.\necho \"SUCCESS\" > \"${SCRIPT_OUTPUT_FILE_0}\"\n";
			showEnvVarsInLog = 0;
		};
		DE51E7C7AB22FBF2C419CC59 /* [CP] Embed Pods Frameworks */ = {
			isa = PBXShellScriptBuildPhase;
			buildActionMask = 2147483647;
			files = (
			);
			inputFileListPaths = (
			);
			inputPaths = (
				"${PODS_ROOT}/Target Support Files/Pods-TicketTask/Pods-TicketTask-frameworks.sh",
				"${BUILT_PRODUCTS_DIR}/BubbleTransition/BubbleTransition.framework",
				"${BUILT_PRODUCTS_DIR}/NewPopMenu/PopMenu.framework",
				"${BUILT_PRODUCTS_DIR}/PKHUD/PKHUD.framework",
				"${BUILT_PRODUCTS_DIR}/Realm/Realm.framework",
				"${BUILT_PRODUCTS_DIR}/RealmSwift/RealmSwift.framework",
				"${BUILT_PRODUCTS_DIR}/RxCocoa/RxCocoa.framework",
				"${BUILT_PRODUCTS_DIR}/RxSwift/RxSwift.framework",
				"${BUILT_PRODUCTS_DIR}/SPFakeBar/SPFakeBar.framework",
				"${BUILT_PRODUCTS_DIR}/SPStorkController/SPStorkController.framework",
				"${BUILT_PRODUCTS_DIR}/SparrowKit/SparrowKit.framework",
			);
			name = "[CP] Embed Pods Frameworks";
			outputFileListPaths = (
			);
			outputPaths = (
				"${TARGET_BUILD_DIR}/${FRAMEWORKS_FOLDER_PATH}/BubbleTransition.framework",
				"${TARGET_BUILD_DIR}/${FRAMEWORKS_FOLDER_PATH}/PopMenu.framework",
				"${TARGET_BUILD_DIR}/${FRAMEWORKS_FOLDER_PATH}/PKHUD.framework",
				"${TARGET_BUILD_DIR}/${FRAMEWORKS_FOLDER_PATH}/Realm.framework",
				"${TARGET_BUILD_DIR}/${FRAMEWORKS_FOLDER_PATH}/RealmSwift.framework",
				"${TARGET_BUILD_DIR}/${FRAMEWORKS_FOLDER_PATH}/RxCocoa.framework",
				"${TARGET_BUILD_DIR}/${FRAMEWORKS_FOLDER_PATH}/RxSwift.framework",
				"${TARGET_BUILD_DIR}/${FRAMEWORKS_FOLDER_PATH}/SPFakeBar.framework",
				"${TARGET_BUILD_DIR}/${FRAMEWORKS_FOLDER_PATH}/SPStorkController.framework",
				"${TARGET_BUILD_DIR}/${FRAMEWORKS_FOLDER_PATH}/SparrowKit.framework",
			);
			runOnlyForDeploymentPostprocessing = 0;
			shellPath = /bin/sh;
			shellScript = "\"${PODS_ROOT}/Target Support Files/Pods-TicketTask/Pods-TicketTask-frameworks.sh\"\n";
			showEnvVarsInLog = 0;
		};
/* End PBXShellScriptBuildPhase section */

/* Begin PBXSourcesBuildPhase section */
		2BF5B74522814521007D0266 /* Sources */ = {
			isa = PBXSourcesBuildPhase;
			buildActionMask = 2147483647;
			files = (
				2BF5B74F22814521007D0266 /* MainViewController.swift in Sources */,
				2BF5B76322814974007D0266 /* TaskViewModel.swift in Sources */,
				2BF5B76C22829DCD007D0266 /* TicketTableViewCell.swift in Sources */,
				2BF5B7652281498F007D0266 /* TaskModel.swift in Sources */,
				2BF5B77C22855657007D0266 /* AddTaskViewController.swift in Sources */,
				2B84AD55229FE2C9004B484D /* AddTicketViewController.swift in Sources */,
				2BE55168229299A100D5AFA9 /* TicketModel.swift in Sources */,
				2BE551662292695000D5AFA9 /* TaskItem.swift in Sources */,
				2BF5B7722282A0AB007D0266 /* UIView+TicketTask.swift in Sources */,
				2BF5B7692281562D007D0266 /* TaskView.swift in Sources */,
				2BB2EE51228AB97200769AAA /* ActionType.swift in Sources */,
				2BE5516B2292A83700D5AFA9 /* TasksData.swift in Sources */,
				2BF44281229BEB8C00F32613 /* EditTaskViewController.swift in Sources */,
				2BF5B779228512FA007D0266 /* GradationColors.swift in Sources */,
				2BF5B74D22814521007D0266 /* AppDelegate.swift in Sources */,
			);
			runOnlyForDeploymentPostprocessing = 0;
		};
/* End PBXSourcesBuildPhase section */

/* Begin PBXVariantGroup section */
		2BF5B75022814521007D0266 /* Main.storyboard */ = {
			isa = PBXVariantGroup;
			children = (
				2BF5B75122814521007D0266 /* Base */,
			);
			name = Main.storyboard;
			sourceTree = "<group>";
		};
		2BF5B75522814521007D0266 /* LaunchScreen.storyboard */ = {
			isa = PBXVariantGroup;
			children = (
				2BF5B75622814521007D0266 /* Base */,
			);
			name = LaunchScreen.storyboard;
			sourceTree = "<group>";
		};
/* End PBXVariantGroup section */

/* Begin XCBuildConfiguration section */
		2BF5B75922814521007D0266 /* Debug */ = {
			isa = XCBuildConfiguration;
			buildSettings = {
				ALWAYS_SEARCH_USER_PATHS = NO;
				CLANG_ANALYZER_NONNULL = YES;
				CLANG_ANALYZER_NUMBER_OBJECT_CONVERSION = YES_AGGRESSIVE;
				CLANG_CXX_LANGUAGE_STANDARD = "gnu++14";
				CLANG_CXX_LIBRARY = "libc++";
				CLANG_ENABLE_MODULES = YES;
				CLANG_ENABLE_OBJC_ARC = YES;
				CLANG_ENABLE_OBJC_WEAK = YES;
				CLANG_WARN_BLOCK_CAPTURE_AUTORELEASING = YES;
				CLANG_WARN_BOOL_CONVERSION = YES;
				CLANG_WARN_COMMA = YES;
				CLANG_WARN_CONSTANT_CONVERSION = YES;
				CLANG_WARN_DEPRECATED_OBJC_IMPLEMENTATIONS = YES;
				CLANG_WARN_DIRECT_OBJC_ISA_USAGE = YES_ERROR;
				CLANG_WARN_DOCUMENTATION_COMMENTS = YES;
				CLANG_WARN_EMPTY_BODY = YES;
				CLANG_WARN_ENUM_CONVERSION = YES;
				CLANG_WARN_INFINITE_RECURSION = YES;
				CLANG_WARN_INT_CONVERSION = YES;
				CLANG_WARN_NON_LITERAL_NULL_CONVERSION = YES;
				CLANG_WARN_OBJC_IMPLICIT_RETAIN_SELF = YES;
				CLANG_WARN_OBJC_LITERAL_CONVERSION = YES;
				CLANG_WARN_OBJC_ROOT_CLASS = YES_ERROR;
				CLANG_WARN_RANGE_LOOP_ANALYSIS = YES;
				CLANG_WARN_STRICT_PROTOTYPES = YES;
				CLANG_WARN_SUSPICIOUS_MOVE = YES;
				CLANG_WARN_UNGUARDED_AVAILABILITY = YES_AGGRESSIVE;
				CLANG_WARN_UNREACHABLE_CODE = YES;
				CLANG_WARN__DUPLICATE_METHOD_MATCH = YES;
				CODE_SIGN_IDENTITY = "iPhone Developer";
				COPY_PHASE_STRIP = NO;
				DEBUG_INFORMATION_FORMAT = dwarf;
				ENABLE_STRICT_OBJC_MSGSEND = YES;
				ENABLE_TESTABILITY = YES;
				GCC_C_LANGUAGE_STANDARD = gnu11;
				GCC_DYNAMIC_NO_PIC = NO;
				GCC_NO_COMMON_BLOCKS = YES;
				GCC_OPTIMIZATION_LEVEL = 0;
				GCC_PREPROCESSOR_DEFINITIONS = (
					"DEBUG=1",
					"$(inherited)",
				);
				GCC_WARN_64_TO_32_BIT_CONVERSION = YES;
				GCC_WARN_ABOUT_RETURN_TYPE = YES_ERROR;
				GCC_WARN_UNDECLARED_SELECTOR = YES;
				GCC_WARN_UNINITIALIZED_AUTOS = YES_AGGRESSIVE;
				GCC_WARN_UNUSED_FUNCTION = YES;
				GCC_WARN_UNUSED_VARIABLE = YES;
				IPHONEOS_DEPLOYMENT_TARGET = 12.2;
				MTL_ENABLE_DEBUG_INFO = INCLUDE_SOURCE;
				MTL_FAST_MATH = YES;
				ONLY_ACTIVE_ARCH = YES;
				SDKROOT = iphoneos;
				SWIFT_ACTIVE_COMPILATION_CONDITIONS = DEBUG;
				SWIFT_OPTIMIZATION_LEVEL = "-Onone";
			};
			name = Debug;
		};
		2BF5B75A22814521007D0266 /* Release */ = {
			isa = XCBuildConfiguration;
			buildSettings = {
				ALWAYS_SEARCH_USER_PATHS = NO;
				CLANG_ANALYZER_NONNULL = YES;
				CLANG_ANALYZER_NUMBER_OBJECT_CONVERSION = YES_AGGRESSIVE;
				CLANG_CXX_LANGUAGE_STANDARD = "gnu++14";
				CLANG_CXX_LIBRARY = "libc++";
				CLANG_ENABLE_MODULES = YES;
				CLANG_ENABLE_OBJC_ARC = YES;
				CLANG_ENABLE_OBJC_WEAK = YES;
				CLANG_WARN_BLOCK_CAPTURE_AUTORELEASING = YES;
				CLANG_WARN_BOOL_CONVERSION = YES;
				CLANG_WARN_COMMA = YES;
				CLANG_WARN_CONSTANT_CONVERSION = YES;
				CLANG_WARN_DEPRECATED_OBJC_IMPLEMENTATIONS = YES;
				CLANG_WARN_DIRECT_OBJC_ISA_USAGE = YES_ERROR;
				CLANG_WARN_DOCUMENTATION_COMMENTS = YES;
				CLANG_WARN_EMPTY_BODY = YES;
				CLANG_WARN_ENUM_CONVERSION = YES;
				CLANG_WARN_INFINITE_RECURSION = YES;
				CLANG_WARN_INT_CONVERSION = YES;
				CLANG_WARN_NON_LITERAL_NULL_CONVERSION = YES;
				CLANG_WARN_OBJC_IMPLICIT_RETAIN_SELF = YES;
				CLANG_WARN_OBJC_LITERAL_CONVERSION = YES;
				CLANG_WARN_OBJC_ROOT_CLASS = YES_ERROR;
				CLANG_WARN_RANGE_LOOP_ANALYSIS = YES;
				CLANG_WARN_STRICT_PROTOTYPES = YES;
				CLANG_WARN_SUSPICIOUS_MOVE = YES;
				CLANG_WARN_UNGUARDED_AVAILABILITY = YES_AGGRESSIVE;
				CLANG_WARN_UNREACHABLE_CODE = YES;
				CLANG_WARN__DUPLICATE_METHOD_MATCH = YES;
				CODE_SIGN_IDENTITY = "iPhone Developer";
				COPY_PHASE_STRIP = NO;
				DEBUG_INFORMATION_FORMAT = "dwarf-with-dsym";
				ENABLE_NS_ASSERTIONS = NO;
				ENABLE_STRICT_OBJC_MSGSEND = YES;
				GCC_C_LANGUAGE_STANDARD = gnu11;
				GCC_NO_COMMON_BLOCKS = YES;
				GCC_WARN_64_TO_32_BIT_CONVERSION = YES;
				GCC_WARN_ABOUT_RETURN_TYPE = YES_ERROR;
				GCC_WARN_UNDECLARED_SELECTOR = YES;
				GCC_WARN_UNINITIALIZED_AUTOS = YES_AGGRESSIVE;
				GCC_WARN_UNUSED_FUNCTION = YES;
				GCC_WARN_UNUSED_VARIABLE = YES;
				IPHONEOS_DEPLOYMENT_TARGET = 12.2;
				MTL_ENABLE_DEBUG_INFO = NO;
				MTL_FAST_MATH = YES;
				SDKROOT = iphoneos;
				SWIFT_COMPILATION_MODE = wholemodule;
				SWIFT_OPTIMIZATION_LEVEL = "-O";
				VALIDATE_PRODUCT = YES;
			};
			name = Release;
		};
		2BF5B75C22814521007D0266 /* Debug */ = {
			isa = XCBuildConfiguration;
			baseConfigurationReference = C3E7EA07422E788A8A52AC14 /* Pods-TicketTask.debug.xcconfig */;
			buildSettings = {
				ASSETCATALOG_COMPILER_APPICON_NAME = AppIcon;
				CODE_SIGN_STYLE = Automatic;
				DEVELOPMENT_TEAM = 4XK262RCGH;
				INFOPLIST_FILE = TicketTask/Info.plist;
				IPHONEOS_DEPLOYMENT_TARGET = 12.2;
				LD_RUNPATH_SEARCH_PATHS = (
					"$(inherited)",
					"@executable_path/Frameworks",
				);
				PRODUCT_BUNDLE_IDENTIFIER = reiji.TicketTask;
				PRODUCT_NAME = "$(TARGET_NAME)";
				SWIFT_VERSION = 4.2;
				TARGETED_DEVICE_FAMILY = 1;
			};
			name = Debug;
		};
		2BF5B75D22814521007D0266 /* Release */ = {
			isa = XCBuildConfiguration;
			baseConfigurationReference = 37CFDF9363A1FC7BF7495C74 /* Pods-TicketTask.release.xcconfig */;
			buildSettings = {
				ASSETCATALOG_COMPILER_APPICON_NAME = AppIcon;
				CODE_SIGN_STYLE = Automatic;
				DEVELOPMENT_TEAM = 4XK262RCGH;
				INFOPLIST_FILE = TicketTask/Info.plist;
				IPHONEOS_DEPLOYMENT_TARGET = 12.2;
				LD_RUNPATH_SEARCH_PATHS = (
					"$(inherited)",
					"@executable_path/Frameworks",
				);
				PRODUCT_BUNDLE_IDENTIFIER = reiji.TicketTask;
				PRODUCT_NAME = "$(TARGET_NAME)";
				SWIFT_VERSION = 4.2;
				TARGETED_DEVICE_FAMILY = 1;
			};
			name = Release;
		};
/* End XCBuildConfiguration section */

/* Begin XCConfigurationList section */
		2BF5B74422814521007D0266 /* Build configuration list for PBXProject "TicketTask" */ = {
			isa = XCConfigurationList;
			buildConfigurations = (
				2BF5B75922814521007D0266 /* Debug */,
				2BF5B75A22814521007D0266 /* Release */,
			);
			defaultConfigurationIsVisible = 0;
			defaultConfigurationName = Release;
		};
		2BF5B75B22814521007D0266 /* Build configuration list for PBXNativeTarget "TicketTask" */ = {
			isa = XCConfigurationList;
			buildConfigurations = (
				2BF5B75C22814521007D0266 /* Debug */,
				2BF5B75D22814521007D0266 /* Release */,
			);
			defaultConfigurationIsVisible = 0;
			defaultConfigurationName = Release;
		};
/* End XCConfigurationList section */
	};
	rootObject = 2BF5B74122814521007D0266 /* Project object */;
}
